// !$*UTF8*$!
{
	archiveVersion = 1;
	classes = {
	};
	objectVersion = 77;
	objects = {

/* Begin PBXBuildFile section */
		403FFDBA2FAA7552006903C5 /* Heartbeat in Frameworks */ = {isa = PBXBuildFile; productRef = 403FFDB92FAA7552006903C5 /* Heartbeat */; };
/* End PBXBuildFile section */

/* Begin PBXContainerItemProxy section */
		4018F1452F9E94840065BE25 /* PBXContainerItemProxy */ = {
			isa = PBXContainerItemProxy;
			containerPortal = 4018F12F2F9E94830065BE25 /* Project object */;
			proxyType = 1;
			remoteGlobalIDString = 4018F1362F9E94830065BE25;
			remoteInfo = EyeHeaven;
		};
		4018F14F2F9E94840065BE25 /* PBXContainerItemProxy */ = {
			isa = PBXContainerItemProxy;
			containerPortal = 4018F12F2F9E94830065BE25 /* Project object */;
			proxyType = 1;
			remoteGlobalIDString = 4018F1362F9E94830065BE25;
			remoteInfo = EyeHeaven;
		};
/* End PBXContainerItemProxy section */

/* Begin PBXFileReference section */
		4018F1372F9E94830065BE25 /* EyeHeaven.app */ = {isa = PBXFileReference; explicitFileType = wrapper.application; includeInIndex = 0; path = EyeHeaven.app; sourceTree = BUILT_PRODUCTS_DIR; };
		4018F1442F9E94840065BE25 /* EyeHeavenTests.xctest */ = {isa = PBXFileReference; explicitFileType = wrapper.cfbundle; includeInIndex = 0; path = EyeHeavenTests.xctest; sourceTree = BUILT_PRODUCTS_DIR; };
		4018F14E2F9E94840065BE25 /* EyeHeavenUITests.xctest */ = {isa = PBXFileReference; explicitFileType = wrapper.cfbundle; includeInIndex = 0; path = EyeHeavenUITests.xctest; sourceTree = BUILT_PRODUCTS_DIR; };
/* End PBXFileReference section */

/* Begin PBXFileSystemSynchronizedRootGroup section */
		4018F1392F9E94830065BE25 /* EyeHeaven */ = {
			isa = PBXFileSystemSynchronizedRootGroup;
			path = EyeHeaven;
			sourceTree = "<group>";
		};
		4018F1472F9E94840065BE25 /* EyeHeavenTests */ = {
			isa = PBXFileSystemSynchronizedRootGroup;
			path = EyeHeavenTests;
			sourceTree = "<group>";
		};
		4018F1512F9E94840065BE25 /* EyeHeavenUITests */ = {
			isa = PBXFileSystemSynchronizedRootGroup;
			path = EyeHeavenUITests;
			sourceTree = "<group>";
		};
/* End PBXFileSystemSynchronizedRootGroup section */

/* Begin PBXFrameworksBuildPhase section */
		4018F1342F9E94830065BE25 /* Frameworks */ = {
			isa = PBXFrameworksBuildPhase;
			buildActionMask = 2147483647;
			files = (
				403FFDBA2FAA7552006903C5 /* Heartbeat in Frameworks */,
			);
			runOnlyForDeploymentPostprocessing = 0;
		};
		4018F1412F9E94840065BE25 /* Frameworks */ = {
			isa = PBXFrameworksBuildPhase;
			buildActionMask = 2147483647;
			files = (
			);
			runOnlyForDeploymentPostprocessing = 0;
		};
		4018F14B2F9E94840065BE25 /* Frameworks */ = {
			isa = PBXFrameworksBuildPhase;
			buildActionMask = 2147483647;
			files = (
			);
			runOnlyForDeploymentPostprocessing = 0;
		};
/* End PBXFrameworksBuildPhase section */

/* Begin PBXGroup section */
		4018F12E2F9E94830065BE25 = {
			isa = PBXGroup;
			children = (
				4018F1392F9E94830065BE25 /* EyeHeaven */,
				4018F1472F9E94840065BE25 /* EyeHeavenTests */,
				4018F1512F9E94840065BE25 /* EyeHeavenUITests */,
				403FFDB82FAA7552006903C5 /* Frameworks */,
				4018F1382F9E94830065BE25 /* Products */,
			);
			sourceTree = "<group>";
		};
		4018F1382F9E94830065BE25 /* Products */ = {
			isa = PBXGroup;
			children = (
				4018F1372F9E94830065BE25 /* EyeHeaven.app */,
				4018F1442F9E94840065BE25 /* EyeHeavenTests.xctest */,
				4018F14E2F9E94840065BE25 /* EyeHeavenUITests.xctest */,
			);
			name = Products;
			sourceTree = "<group>";
		};
		403FFDB82FAA7552006903C5 /* Frameworks */ = {
			isa = PBXGroup;
			children = (
			);
			name = Frameworks;
			sourceTree = "<group>";
		};
/* End PBXGroup section */

/* Begin PBXNativeTarget section */
		4018F1362F9E94830065BE25 /* EyeHeaven */ = {
			isa = PBXNativeTarget;
			buildConfigurationList = 4018F1582F9E94840065BE25 /* Build configuration list for PBXNativeTarget "EyeHeaven" */;
			buildPhases = (
				4018F1332F9E94830065BE25 /* Sources */,
				4018F1342F9E94830065BE25 /* Frameworks */,
				4018F1352F9E94830065BE25 /* Resources */,
			);
			buildRules = (
			);
			dependencies = (
			);
			fileSystemSynchronizedGroups = (
				4018F1392F9E94830065BE25 /* EyeHeaven */,
			);
			name = EyeHeaven;
			packageProductDependencies = (
				403FFDB92FAA7552006903C5 /* Heartbeat */,
			);
			productName = EyeHeaven;
			productReference = 4018F1372F9E94830065BE25 /* EyeHeaven.app */;
			productType = "com.apple.product-type.application";
		};
		4018F1432F9E94840065BE25 /* EyeHeavenTests */ = {
			isa = PBXNativeTarget;
			buildConfigurationList = 4018F15B2F9E94840065BE25 /* Build configuration list for PBXNativeTarget "EyeHeavenTests" */;
			buildPhases = (
				4018F1402F9E94840065BE25 /* Sources */,
				4018F1412F9E94840065BE25 /* Frameworks */,
				4018F1422F9E94840065BE25 /* Resources */,
			);
			buildRules = (
			);
			dependencies = (
				4018F1462F9E94840065BE25 /* PBXTargetDependency */,
			);
			fileSystemSynchronizedGroups = (
				4018F1472F9E94840065BE25 /* EyeHeavenTests */,
			);
			name = EyeHeavenTests;
			packageProductDependencies = (
			);
			productName = EyeHeavenTests;
			productReference = 4018F1442F9E94840065BE25 /* EyeHeavenTests.xctest */;
			productType = "com.apple.product-type.bundle.unit-test";
		};
		4018F14D2F9E94840065BE25 /* EyeHeavenUITests */ = {
			isa = PBXNativeTarget;
			buildConfigurationList = 4018F15E2F9E94840065BE25 /* Build configuration list for PBXNativeTarget "EyeHeavenUITests" */;
			buildPhases = (
				4018F14A2F9E94840065BE25 /* Sources */,
				4018F14B2F9E94840065BE25 /* Frameworks */,
				4018F14C2F9E94840065BE25 /* Resources */,
			);
			buildRules = (
			);
			dependencies = (
				4018F1502F9E94840065BE25 /* PBXTargetDependency */,
			);
			fileSystemSynchronizedGroups = (
				4018F1512F9E94840065BE25 /* EyeHeavenUITests */,
			);
			name = EyeHeavenUITests;
			packageProductDependencies = (
			);
			productName = EyeHeavenUITests;
			productReference = 4018F14E2F9E94840065BE25 /* EyeHeavenUITests.xctest */;
			productType = "com.apple.product-type.bundle.ui-testing";
		};
/* End PBXNativeTarget section */

/* Begin PBXProject section */
		4018F12F2F9E94830065BE25 /* Project object */ = {
			isa = PBXProject;
			attributes = {
				BuildIndependentTargetsInParallel = 1;
				LastSwiftUpdateCheck = 2640;
				LastUpgradeCheck = 2640;
				TargetAttributes = {
					4018F1362F9E94830065BE25 = {
						CreatedOnToolsVersion = 26.4.1;
					};
					4018F1432F9E94840065BE25 = {
						CreatedOnToolsVersion = 26.4.1;
						TestTargetID = 4018F1362F9E94830065BE25;
					};
					4018F14D2F9E94840065BE25 = {
						CreatedOnToolsVersion = 26.4.1;
						TestTargetID = 4018F1362F9E94830065BE25;
					};
				};
			};
			buildConfigurationList = 4018F1322F9E94830065BE25 /* Build configuration list for PBXProject "EyeHeaven" */;
			developmentRegion = en;
			hasScannedForEncodings = 0;
			knownRegions = (
				en,
				Base,
			);
			mainGroup = 4018F12E2F9E94830065BE25;
			minimizedProjectReferenceProxies = 1;
			packageReferences = (
				403FFDB72FAA7432006903C5 /* XCRemoteSwiftPackageReference "heartbeat-tracker" */,
			);
			preferredProjectObjectVersion = 77;
			productRefGroup = 4018F1382F9E94830065BE25 /* Products */;
			projectDirPath = "";
			projectRoot = "";
			targets = (
				4018F1362F9E94830065BE25 /* EyeHeaven */,
				4018F1432F9E94840065BE25 /* EyeHeavenTests */,
				4018F14D2F9E94840065BE25 /* EyeHeavenUITests */,
			);
		};
/* End PBXProject section */

/* Begin PBXResourcesBuildPhase section */
		4018F1352F9E94830065BE25 /* Resources */ = {
			isa = PBXResourcesBuildPhase;
			buildActionMask = 2147483647;
			files = (
			);
			runOnlyForDeploymentPostprocessing = 0;
		};
		4018F1422F9E94840065BE25 /* Resources */ = {
			isa = PBXResourcesBuildPhase;
			buildActionMask = 2147483647;
			files = (
			);
			runOnlyForDeploymentPostprocessing = 0;
		};
		4018F14C2F9E94840065BE25 /* Resources */ = {
			isa = PBXResourcesBuildPhase;
			buildActionMask = 2147483647;
			files = (
			);
			runOnlyForDeploymentPostprocessing = 0;
		};
/* End PBXResourcesBuildPhase section */

/* Begin PBXSourcesBuildPhase section */
		4018F1332F9E94830065BE25 /* Sources */ = {
			isa = PBXSourcesBuildPhase;
			buildActionMask = 2147483647;
			files = (
			);
			runOnlyForDeploymentPostprocessing = 0;
		};
		4018F1402F9E94840065BE25 /* Sources */ = {
			isa = PBXSourcesBuildPhase;
			buildActionMask = 2147483647;
			files = (
			);
			runOnlyForDeploymentPostprocessing = 0;
		};
		4018F14A2F9E94840065BE25 /* Sources */ = {
			isa = PBXSourcesBuildPhase;
			buildActionMask = 2147483647;
			files = (
			);
			runOnlyForDeploymentPostprocessing = 0;
		};
/* End PBXSourcesBuildPhase section */

/* Begin PBXTargetDependency section */
		4018F1462F9E94840065BE25 /* PBXTargetDependency */ = {
			isa = PBXTargetDependency;
			target = 4018F1362F9E94830065BE25 /* EyeHeaven */;
			targetProxy = 4018F1452F9E94840065BE25 /* PBXContainerItemProxy */;
		};
		4018F1502F9E94840065BE25 /* PBXTargetDependency */ = {
			isa = PBXTargetDependency;
			target = 4018F1362F9E94830065BE25 /* EyeHeaven */;
			targetProxy = 4018F14F2F9E94840065BE25 /* PBXContainerItemProxy */;
		};
/* End PBXTargetDependency section */

/* Begin XCBuildConfiguration section */
		4018F1562F9E94840065BE25 /* Debug */ = {
			isa = XCBuildConfiguration;
			buildSettings = {
				ALWAYS_SEARCH_USER_PATHS = NO;
				ASSETCATALOG_COMPILER_GENERATE_SWIFT_ASSET_SYMBOL_EXTENSIONS = YES;
				CLANG_ANALYZER_NONNULL = YES;
				CLANG_ANALYZER_NUMBER_OBJECT_CONVERSION = YES_AGGRESSIVE;
				CLANG_CXX_LANGUAGE_STANDARD = "gnu++20";
				CLANG_ENABLE_MODULES = YES;
				CLANG_ENABLE_OBJC_ARC = YES;
				CLANG_ENABLE_OBJC_WEAK = YES;
				CLANG_WARN_BLOCK_CAPTURE_AUTORELEASING = YES;
				CLANG_WARN_BOOL_CONVERSION = YES;
				CLANG_WARN_COMMA = YES;
				CLANG_WARN_CONSTANT_CONVERSION = YES;
				CLANG_WARN_DEPRECATED_OBJC_IMPLEMENTATIONS = YES;
				CLANG_WARN_DIRECT_OBJC_ISA_USAGE = YES_ERROR;
				CLANG_WARN_DOCUMENTATION_COMMENTS = YES;
				CLANG_WARN_EMPTY_BODY = YES;
				CLANG_WARN_ENUM_CONVERSION = YES;
				CLANG_WARN_INFINITE_RECURSION = YES;
				CLANG_WARN_INT_CONVERSION = YES;
				CLANG_WARN_NON_LITERAL_NULL_CONVERSION = YES;
				CLANG_WARN_OBJC_IMPLICIT_RETAIN_SELF = YES;
				CLANG_WARN_OBJC_LITERAL_CONVERSION = YES;
				CLANG_WARN_OBJC_ROOT_CLASS = YES_ERROR;
				CLANG_WARN_QUOTED_INCLUDE_IN_FRAMEWORK_HEADER = YES;
				CLANG_WARN_RANGE_LOOP_ANALYSIS = YES;
				CLANG_WARN_STRICT_PROTOTYPES = YES;
				CLANG_WARN_SUSPICIOUS_MOVE = YES;
				CLANG_WARN_UNGUARDED_AVAILABILITY = YES_AGGRESSIVE;
				CLANG_WARN_UNREACHABLE_CODE = YES;
				CLANG_WARN__DUPLICATE_METHOD_MATCH = YES;
				COPY_PHASE_STRIP = NO;
				DEBUG_INFORMATION_FORMAT = dwarf;
				DEVELOPMENT_TEAM = B347AFPTB4;
				ENABLE_STRICT_OBJC_MSGSEND = YES;
				ENABLE_TESTABILITY = YES;
				ENABLE_USER_SCRIPT_SANDBOXING = YES;
				GCC_C_LANGUAGE_STANDARD = gnu17;
				GCC_DYNAMIC_NO_PIC = NO;
				GCC_NO_COMMON_BLOCKS = YES;
				GCC_OPTIMIZATION_LEVEL = 0;
				GCC_PREPROCESSOR_DEFINITIONS = (
					"DEBUG=1",
					"$(inherited)",
				);
				GCC_WARN_64_TO_32_BIT_CONVERSION = YES;
				GCC_WARN_ABOUT_RETURN_TYPE = YES_ERROR;
				GCC_WARN_UNDECLARED_SELECTOR = YES;
				GCC_WARN_UNINITIALIZED_AUTOS = YES_AGGRESSIVE;
				GCC_WARN_UNUSED_FUNCTION = YES;
				GCC_WARN_UNUSED_VARIABLE = YES;
				LOCALIZATION_PREFERS_STRING_CATALOGS = YES;
				MACOSX_DEPLOYMENT_TARGET = 26.3;
				MTL_ENABLE_DEBUG_INFO = INCLUDE_SOURCE;
				MTL_FAST_MATH = YES;
				ONLY_ACTIVE_ARCH = YES;
				SDKROOT = macosx;
				SWIFT_ACTIVE_COMPILATION_CONDITIONS = "DEBUG $(inherited)";
				SWIFT_OPTIMIZATION_LEVEL = "-Onone";
			};
			name = Debug;
		};
		4018F1572F9E94840065BE25 /* Release */ = {
			isa = XCBuildConfiguration;
			buildSettings = {
				ALWAYS_SEARCH_USER_PATHS = NO;
				ASSETCATALOG_COMPILER_GENERATE_SWIFT_ASSET_SYMBOL_EXTENSIONS = YES;
				CLANG_ANALYZER_NONNULL = YES;
				CLANG_ANALYZER_NUMBER_OBJECT_CONVERSION = YES_AGGRESSIVE;
				CLANG_CXX_LANGUAGE_STANDARD = "gnu++20";
				CLANG_ENABLE_MODULES = YES;
				CLANG_ENABLE_OBJC_ARC = YES;
				CLANG_ENABLE_OBJC_WEAK = YES;
				CLANG_WARN_BLOCK_CAPTURE_AUTORELEASING = YES;
				CLANG_WARN_BOOL_CONVERSION = YES;
				CLANG_WARN_COMMA = YES;
				CLANG_WARN_CONSTANT_CONVERSION = YES;
				CLANG_WARN_DEPRECATED_OBJC_IMPLEMENTATIONS = YES;
				CLANG_WARN_DIRECT_OBJC_ISA_USAGE = YES_ERROR;
				CLANG_WARN_DOCUMENTATION_COMMENTS = YES;
				CLANG_WARN_EMPTY_BODY = YES;
				CLANG_WARN_ENUM_CONVERSION = YES;
				CLANG_WARN_INFINITE_RECURSION = YES;
				CLANG_WARN_INT_CONVERSION = YES;
				CLANG_WARN_NON_LITERAL_NULL_CONVERSION = YES;
				CLANG_WARN_OBJC_IMPLICIT_RETAIN_SELF = YES;
				CLANG_WARN_OBJC_LITERAL_CONVERSION = YES;
				CLANG_WARN_OBJC_ROOT_CLASS = YES_ERROR;
				CLANG_WARN_QUOTED_INCLUDE_IN_FRAMEWORK_HEADER = YES;
				CLANG_WARN_RANGE_LOOP_ANALYSIS = YES;
				CLANG_WARN_STRICT_PROTOTYPES = YES;
				CLANG_WARN_SUSPICIOUS_MOVE = YES;
				CLANG_WARN_UNGUARDED_AVAILABILITY = YES_AGGRESSIVE;
				CLANG_WARN_UNREACHABLE_CODE = YES;
				CLANG_WARN__DUPLICATE_METHOD_MATCH = YES;
				COPY_PHASE_STRIP = NO;
				DEBUG_INFORMATION_FORMAT = "dwarf-with-dsym";
				DEVELOPMENT_TEAM = B347AFPTB4;
				ENABLE_NS_ASSERTIONS = NO;
				ENABLE_STRICT_OBJC_MSGSEND = YES;
				ENABLE_USER_SCRIPT_SANDBOXING = YES;
				GCC_C_LANGUAGE_STANDARD = gnu17;
				GCC_NO_COMMON_BLOCKS = YES;
				GCC_WARN_64_TO_32_BIT_CONVERSION = YES;
				GCC_WARN_ABOUT_RETURN_TYPE = YES_ERROR;
				GCC_WARN_UNDECLARED_SELECTOR = YES;
				GCC_WARN_UNINITIALIZED_AUTOS = YES_AGGRESSIVE;
				GCC_WARN_UNUSED_FUNCTION = YES;
				GCC_WARN_UNUSED_VARIABLE = YES;
				LOCALIZATION_PREFERS_STRING_CATALOGS = YES;
				MACOSX_DEPLOYMENT_TARGET = 26.3;
				MTL_ENABLE_DEBUG_INFO = NO;
				MTL_FAST_MATH = YES;
				SDKROOT = macosx;
				SWIFT_COMPILATION_MODE = wholemodule;
			};
			name = Release;
		};
		4018F1592F9E94840065BE25 /* Debug */ = {
			isa = XCBuildConfiguration;
			buildSettings = {
				ASSETCATALOG_COMPILER_APPICON_NAME = AppIcon;
				ASSETCATALOG_COMPILER_GLOBAL_ACCENT_COLOR_NAME = AccentColor;
				CODE_SIGN_STYLE = Automatic;
				COMBINE_HIDPI_IMAGES = YES;
				CURRENT_PROJECT_VERSION = 1;
				DEVELOPMENT_TEAM = B347AFPTB4;
				ENABLE_APP_SANDBOX = YES;
				ENABLE_HARDENED_RUNTIME = YES;
				ENABLE_PREVIEWS = YES;
				ENABLE_USER_SELECTED_FILES = readonly;
				GENERATE_INFOPLIST_FILE = YES;
				INFOPLIST_KEY_LSUIElement = YES;
				INFOPLIST_KEY_NSHumanReadableCopyright = "";
				LD_RUNPATH_SEARCH_PATHS = (
					"$(inherited)",
					"@executable_path/../Frameworks",
				);
			MACOSX_DEPLOYMENT_TARGET = 15.5;
				MARKETING_VERSION = 0.1.0;
				PRODUCT_BUNDLE_IDENTIFIER = org.ninil.EyeHeaven;
				PRODUCT_NAME = "$(TARGET_NAME)";
				REGISTER_APP_GROUPS = YES;
				STRING_CATALOG_GENERATE_SYMBOLS = YES;
				SWIFT_APPROACHABLE_CONCURRENCY = YES;
				SWIFT_DEFAULT_ACTOR_ISOLATION = MainActor;
				SWIFT_EMIT_LOC_STRINGS = YES;
				SWIFT_UPCOMING_FEATURE_MEMBER_IMPORT_VISIBILITY = YES;
				SWIFT_VERSION = 6.0;
			};
			name = Debug;
		};
		4018F15A2F9E94840065BE25 /* Release */ = {
			isa = XCBuildConfiguration;
			buildSettings = {
				ASSETCATALOG_COMPILER_APPICON_NAME = AppIcon;
				ASSETCATALOG_COMPILER_GLOBAL_ACCENT_COLOR_NAME = AccentColor;
				CODE_SIGN_STYLE = Automatic;
				COMBINE_HIDPI_IMAGES = YES;
				CURRENT_PROJECT_VERSION = 1;
				DEVELOPMENT_TEAM = B347AFPTB4;
				ENABLE_APP_SANDBOX = YES;
				ENABLE_HARDENED_RUNTIME = YES;
				ENABLE_PREVIEWS = YES;
				ENABLE_USER_SELECTED_FILES = readonly;
				GENERATE_INFOPLIST_FILE = YES;
				INFOPLIST_KEY_LSUIElement = YES;
				INFOPLIST_KEY_NSHumanReadableCopyright = "";
				LD_RUNPATH_SEARCH_PATHS = (
					"$(inherited)",
					"@executable_path/../Frameworks",
				);
				MACOSX_DEPLOYMENT_TARGET = 15.5;
				MARKETING_VERSION = 0.1.0;
				PRODUCT_BUNDLE_IDENTIFIER = org.ninil.EyeHeaven;
				PRODUCT_NAME = "$(TARGET_NAME)";
				REGISTER_APP_GROUPS = YES;
				STRING_CATALOG_GENERATE_SYMBOLS = YES;
				SWIFT_APPROACHABLE_CONCURRENCY = YES;
				SWIFT_DEFAULT_ACTOR_ISOLATION = MainActor;
				SWIFT_EMIT_LOC_STRINGS = YES;
				SWIFT_UPCOMING_FEATURE_MEMBER_IMPORT_VISIBILITY = YES;
				SWIFT_VERSION = 6.0;
			};
			name = Release;
		};
		4018F15C2F9E94840065BE25 /* Debug */ = {
			isa = XCBuildConfiguration;
			buildSettings = {
				BUNDLE_LOADER = "$(TEST_HOST)";
				CODE_SIGN_STYLE = Automatic;
				CURRENT_PROJECT_VERSION = 1;
				DEVELOPMENT_TEAM = B347AFPTB4;
				GENERATE_INFOPLIST_FILE = YES;
				MACOSX_DEPLOYMENT_TARGET = 15.5;
				MARKETING_VERSION = 0.1.0;
				PRODUCT_BUNDLE_IDENTIFIER = org.ninil.EyeHeavenTests;
				PRODUCT_NAME = "$(TARGET_NAME)";
				STRING_CATALOG_GENERATE_SYMBOLS = NO;
				SWIFT_APPROACHABLE_CONCURRENCY = YES;
				SWIFT_EMIT_LOC_STRINGS = NO;
				SWIFT_UPCOMING_FEATURE_MEMBER_IMPORT_VISIBILITY = YES;
				SWIFT_VERSION = 5.0;
				TEST_HOST = "$(BUILT_PRODUCTS_DIR)/EyeHeaven.app/$(BUNDLE_EXECUTABLE_FOLDER_PATH)/EyeHeaven";
			};
			name = Debug;
		};
		4018F15D2F9E94840065BE25 /* Release */ = {
			isa = XCBuildConfiguration;
			buildSettings = {
				BUNDLE_LOADER = "$(TEST_HOST)";
				CODE_SIGN_STYLE = Automatic;
				CURRENT_PROJECT_VERSION = 1;
				DEVELOPMENT_TEAM = B347AFPTB4;
				GENERATE_INFOPLIST_FILE = YES;
				MACOSX_DEPLOYMENT_TARGET = 15.5;
				MARKETING_VERSION = 0.1.0;
				PRODUCT_BUNDLE_IDENTIFIER = org.ninil.EyeHeavenTests;
				PRODUCT_NAME = "$(TARGET_NAME)";
				STRING_CATALOG_GENERATE_SYMBOLS = NO;
				SWIFT_APPROACHABLE_CONCURRENCY = YES;
				SWIFT_EMIT_LOC_STRINGS = NO;
				SWIFT_UPCOMING_FEATURE_MEMBER_IMPORT_VISIBILITY = YES;
				SWIFT_VERSION = 5.0;
				TEST_HOST = "$(BUILT_PRODUCTS_DIR)/EyeHeaven.app/$(BUNDLE_EXECUTABLE_FOLDER_PATH)/EyeHeaven";
			};
			name = Release;
		};
		4018F15F2F9E94840065BE25 /* Debug */ = {
			isa = XCBuildConfiguration;
			buildSettings = {
				CODE_SIGN_STYLE = Automatic;
				CURRENT_PROJECT_VERSION = 1;
				DEVELOPMENT_TEAM = B347AFPTB4;
				GENERATE_INFOPLIST_FILE = YES;
				MARKETING_VERSION = 0.1.0;
				PRODUCT_BUNDLE_IDENTIFIER = org.ninil.EyeHeavenUITests;
				PRODUCT_NAME = "$(TARGET_NAME)";
				STRING_CATALOG_GENERATE_SYMBOLS = NO;
				SWIFT_APPROACHABLE_CONCURRENCY = YES;
				SWIFT_EMIT_LOC_STRINGS = NO;
				SWIFT_UPCOMING_FEATURE_MEMBER_IMPORT_VISIBILITY = YES;
				SWIFT_VERSION = 5.0;
				TEST_TARGET_NAME = EyeHeaven;
			};
			name = Debug;
		};
		4018F1602F9E94840065BE25 /* Release */ = {
			isa = XCBuildConfiguration;
			buildSettings = {
				CODE_SIGN_STYLE = Automatic;
				CURRENT_PROJECT_VERSION = 1;
				DEVELOPMENT_TEAM = B347AFPTB4;
				GENERATE_INFOPLIST_FILE = YES;
				MARKETING_VERSION = 0.1.0;
				PRODUCT_BUNDLE_IDENTIFIER = org.ninil.EyeHeavenUITests;
				PRODUCT_NAME = "$(TARGET_NAME)";
				STRING_CATALOG_GENERATE_SYMBOLS = NO;
				SWIFT_APPROACHABLE_CONCURRENCY = YES;
				SWIFT_EMIT_LOC_STRINGS = NO;
				SWIFT_UPCOMING_FEATURE_MEMBER_IMPORT_VISIBILITY = YES;
				SWIFT_VERSION = 5.0;
				TEST_TARGET_NAME = EyeHeaven;
			};
			name = Release;
		};
/* End XCBuildConfiguration section */

/* Begin XCConfigurationList section */
		4018F1322F9E94830065BE25 /* Build configuration list for PBXProject "EyeHeaven" */ = {
			isa = XCConfigurationList;
			buildConfigurations = (
				4018F1562F9E94840065BE25 /* Debug */,
				4018F1572F9E94840065BE25 /* Release */,
			);
			defaultConfigurationIsVisible = 0;
			defaultConfigurationName = Release;
		};
		4018F1582F9E94840065BE25 /* Build configuration list for PBXNativeTarget "EyeHeaven" */ = {
			isa = XCConfigurationList;
			buildConfigurations = (
				4018F1592F9E94840065BE25 /* Debug */,
				4018F15A2F9E94840065BE25 /* Release */,
			);
			defaultConfigurationIsVisible = 0;
			defaultConfigurationName = Release;
		};
		4018F15B2F9E94840065BE25 /* Build configuration list for PBXNativeTarget "EyeHeavenTests" */ = {
			isa = XCConfigurationList;
			buildConfigurations = (
				4018F15C2F9E94840065BE25 /* Debug */,
				4018F15D2F9E94840065BE25 /* Release */,
			);
			defaultConfigurationIsVisible = 0;
			defaultConfigurationName = Release;
		};
		4018F15E2F9E94840065BE25 /* Build configuration list for PBXNativeTarget "EyeHeavenUITests" */ = {
			isa = XCConfigurationList;
			buildConfigurations = (
				4018F15F2F9E94840065BE25 /* Debug */,
				4018F1602F9E94840065BE25 /* Release */,
			);
			defaultConfigurationIsVisible = 0;
			defaultConfigurationName = Release;
		};
/* End XCConfigurationList section */

/* Begin XCRemoteSwiftPackageReference section */
		403FFDB72FAA7432006903C5 /* XCRemoteSwiftPackageReference "heartbeat-tracker" */ = {
			isa = XCRemoteSwiftPackageReference;
			repositoryURL = "https://github.com/maierru/heartbeat-tracker.git";
			requirement = {
				kind = upToNextMajorVersion;
				minimumVersion = 1.4.0;
			};
		};
/* End XCRemoteSwiftPackageReference section */

/* Begin XCSwiftPackageProductDependency section */
		403FFDB92FAA7552006903C5 /* Heartbeat */ = {
			isa = XCSwiftPackageProductDependency;
			package = 403FFDB72FAA7432006903C5 /* XCRemoteSwiftPackageReference "heartbeat-tracker" */;
			productName = Heartbeat;
		};
/* End XCSwiftPackageProductDependency section */
	};
	rootObject = 4018F12F2F9E94830065BE25 /* Project object */;
}
